{
  "name": "webimg",
  "version": "1.0.0",
  "lockfileVersion": 3,
  "requires": true,
  "packages": {
    "": {
      "name": "webimg",
      "version": "1.0.0",
      "license": "ISC",
      "dependencies": {
        "json-array-sorter": "0.0.5",
        "numeral": "^2.0.6"
      }
    },
    "node_modules/json-array-sorter": {
      "version": "0.0.5",
      "resolved": "https://registry.npmjs.org/json-array-sorter/-/json-array-sorter-0.0.5.tgz",
      "integrity": "sha512-cQ/zZx2oboA+GbI4E/EM0a3/SeoRkfLCEIxyHT6MvZnCPJDJRjyn02/LTKt9hnbagvjOAhZ59+ZD58IrB3udLw=="
    },
    "node_modules/numeral": {
      "version": "2.0.6",
      "resolved": "https://registry.npmjs.org/numeral/-/numeral-2.0.6.tgz",
      "integrity": "sha512-qaKRmtYPZ5qdw4jWJD6bxEf1FJEqllJrwxCLIm0sQU/A7v2/czigzOb+C2uSiFsa9lBUzeH7M1oK+Q+OLxL3kA==",
      "engines": {
        "node": "*"
      }
    }
  }
}
